// !$*UTF8*$!
{ archiveVersion = 1; classes = {}; objectVersion = 56; objects = {
		000000000000000000000100 = { isa = PBXFileReference; lastKnownFileType = sourcecode.swift; path = MotivationLibrary.swift; sourceTree = "<group>"; };
		000000000000000000000110 = { isa = PBXBuildFile; fileRef = 000000000000000000000100; };
		000000000000000000000101 = { isa = PBXFileReference; lastKnownFileType = sourcecode.swift; path = MotivationStore.swift; sourceTree = "<group>"; };
		000000000000000000000111 = { isa = PBXBuildFile; fileRef = 000000000000000000000101; };
		000000000000000000000102 = { isa = PBXFileReference; lastKnownFileType = sourcecode.swift; path = MotivationViews.swift; sourceTree = "<group>"; };
		000000000000000000000112 = { isa = PBXBuildFile; fileRef = 000000000000000000000102; };
		000000000000000000000103 = { isa = PBXFileReference; lastKnownFileType = folder.assetcatalog; path = Assets.xcassets; sourceTree = "<group>"; };
		000000000000000000000113 = { isa = PBXBuildFile; fileRef = 000000000000000000000103; };
		00000000000000000000000A = { isa = PBXFileReference; lastKnownFileType = sourcecode.swift; path = App.swift; sourceTree = "<group>"; };
		000000000000000000000014 = { isa = PBXBuildFile; fileRef = 00000000000000000000000A; };
		00000000000000000000000B = { isa = PBXFileReference; lastKnownFileType = sourcecode.swift; path = Models.swift; sourceTree = "<group>"; };
		000000000000000000000015 = { isa = PBXBuildFile; fileRef = 00000000000000000000000B; };
		00000000000000000000000C = { isa = PBXFileReference; lastKnownFileType = sourcecode.swift; path = Views.swift; sourceTree = "<group>"; };
		000000000000000000000016 = { isa = PBXBuildFile; fileRef = 00000000000000000000000C; };
		00000000000000000000000D = { isa = PBXFileReference; lastKnownFileType = text.json; path = Plan.json; sourceTree = "<group>"; };
		000000000000000000000017 = { isa = PBXBuildFile; fileRef = 00000000000000000000000D; };
		00000000000000000000001E = { isa = PBXFileReference; explicitFileType = wrapper.application; includeInIndex = 0; path = ShoulderBack.app; sourceTree = BUILT_PRODUCTS_DIR; };
		000000000000000000000001 = { isa = PBXGroup; children = (000000000000000000000002, 000000000000000000000003); sourceTree = "<group>"; };
		000000000000000000000002 = { isa = PBXGroup; children = (00000000000000000000000A, 00000000000000000000000B, 00000000000000000000000C, 00000000000000000000000D, 000000000000000000000100, 000000000000000000000101, 000000000000000000000102, 000000000000000000000103); path = ShoulderBack; sourceTree = "<group>"; };
		000000000000000000000003 = { isa = PBXGroup; children = (00000000000000000000001E); name = Products; sourceTree = "<group>"; };
		000000000000000000000028 = { isa = PBXSourcesBuildPhase; buildActionMask = 2147483647; files = (000000000000000000000014, 000000000000000000000015, 000000000000000000000016, 000000000000000000000110, 000000000000000000000111, 000000000000000000000112); runOnlyForDeploymentPostprocessing = 0; };
		000000000000000000000029 = { isa = PBXResourcesBuildPhase; buildActionMask = 2147483647; files = (000000000000000000000017, 000000000000000000000113); runOnlyForDeploymentPostprocessing = 0; };
		00000000000000000000002A = { isa = PBXFrameworksBuildPhase; buildActionMask = 2147483647; files = (); runOnlyForDeploymentPostprocessing = 0; };
		000000000000000000000032 = { isa = PBXNativeTarget; buildConfigurationList = 00000000000000000000003D; buildPhases = (000000000000000000000028, 00000000000000000000002A, 000000000000000000000029); buildRules = (); dependencies = (); name = ShoulderBack; productName = ShoulderBack; productReference = 00000000000000000000001E; productType = "com.apple.product-type.application"; };
		000000000000000000000033 = { isa = PBXProject; attributes = { BuildIndependentTargetsInParallel = YES; LastUpgradeCheck = 1600; TargetAttributes = { 000000000000000000000032 = { CreatedOnToolsVersion = 16.0; }; }; }; buildConfigurationList = 00000000000000000000003C; compatibilityVersion = "Xcode 14.0"; developmentRegion = zh-Hans; hasScannedForEncodings = 0; knownRegions = ("zh-Hans", en, Base); mainGroup = 000000000000000000000001; productRefGroup = 000000000000000000000003; projectDirPath = ""; projectRoot = ""; targets = (000000000000000000000032); };
		00000000000000000000003C = { isa = XCConfigurationList; buildConfigurations = (000000000000000000000046, 000000000000000000000047); defaultConfigurationIsVisible = 0; defaultConfigurationName = Release; };
		00000000000000000000003D = { isa = XCConfigurationList; buildConfigurations = (000000000000000000000048, 000000000000000000000049); defaultConfigurationIsVisible = 0; defaultConfigurationName = Release; };
		000000000000000000000046 = { isa = XCBuildConfiguration; buildSettings = { CLANG_ENABLE_MODULES = YES; SDKROOT = iphoneos; IPHONEOS_DEPLOYMENT_TARGET = 17.0; SWIFT_OPTIMIZATION_LEVEL = "-Onone"; DEBUG_INFORMATION_FORMAT = dwarf; }; name = Debug; };
		000000000000000000000047 = { isa = XCBuildConfiguration; buildSettings = { CLANG_ENABLE_MODULES = YES; SDKROOT = iphoneos; IPHONEOS_DEPLOYMENT_TARGET = 17.0; SWIFT_OPTIMIZATION_LEVEL = "-O"; DEBUG_INFORMATION_FORMAT = "dwarf-with-dsym"; }; name = Release; };
		000000000000000000000048 = { isa = XCBuildConfiguration; buildSettings = { CODE_SIGN_STYLE = Automatic; CURRENT_PROJECT_VERSION = 3; ASSETCATALOG_COMPILER_APPICON_NAME = AppIcon; GENERATE_INFOPLIST_FILE = YES;
        INFOPLIST_KEY_CFBundleDisplayName = "训练"; INFOPLIST_KEY_LSApplicationCategoryType = "public.app-category.healthcare-fitness";
        INFOPLIST_KEY_UIApplicationSceneManifest_Generation = YES; INFOPLIST_KEY_UIApplicationSupportsIndirectInputEvents = YES;
        INFOPLIST_KEY_UILaunchScreen_Generation = YES; INFOPLIST_KEY_UISupportedInterfaceOrientations = "UIInterfaceOrientationPortrait UIInterfaceOrientationLandscapeLeft UIInterfaceOrientationLandscapeRight";
        IPHONEOS_DEPLOYMENT_TARGET = 17.0; MARKETING_VERSION = 1.1.1; PRODUCT_BUNDLE_IDENTIFIER = com.example.ShoulderBack;
        PRODUCT_NAME = "$(TARGET_NAME)"; SUPPORTED_PLATFORMS = "iphoneos iphonesimulator";
        SWIFT_VERSION = 5.0; TARGETED_DEVICE_FAMILY = "1,2"; LD_RUNPATH_SEARCH_PATHS = "$(inherited) @executable_path/Frameworks"; }; name = Debug; };
		000000000000000000000049 = { isa = XCBuildConfiguration; buildSettings = { CODE_SIGN_STYLE = Automatic; CURRENT_PROJECT_VERSION = 3; ASSETCATALOG_COMPILER_APPICON_NAME = AppIcon; GENERATE_INFOPLIST_FILE = YES;
        INFOPLIST_KEY_CFBundleDisplayName = "训练"; INFOPLIST_KEY_LSApplicationCategoryType = "public.app-category.healthcare-fitness";
        INFOPLIST_KEY_UIApplicationSceneManifest_Generation = YES; INFOPLIST_KEY_UIApplicationSupportsIndirectInputEvents = YES;
        INFOPLIST_KEY_UILaunchScreen_Generation = YES; INFOPLIST_KEY_UISupportedInterfaceOrientations = "UIInterfaceOrientationPortrait UIInterfaceOrientationLandscapeLeft UIInterfaceOrientationLandscapeRight";
        IPHONEOS_DEPLOYMENT_TARGET = 17.0; MARKETING_VERSION = 1.1.1; PRODUCT_BUNDLE_IDENTIFIER = com.example.ShoulderBack;
        PRODUCT_NAME = "$(TARGET_NAME)"; SUPPORTED_PLATFORMS = "iphoneos iphonesimulator";
        SWIFT_VERSION = 5.0; TARGETED_DEVICE_FAMILY = "1,2"; LD_RUNPATH_SEARCH_PATHS = "$(inherited) @executable_path/Frameworks"; }; name = Release; };
}; rootObject = 000000000000000000000033; }
